# THIS IS AN AUTOGENERATED FILE. DO NOT EDIT THIS FILE DIRECTLY.
# yarn lockfile v1


"@types/node@^12.12.11":
  version "12.12.11"
  resolved "https://registry.yarnpkg.com/@types/node/-/node-12.12.11.tgz#bec2961975888d964196bf0016a2f984d793d3ce"
  integrity sha512-O+x6uIpa6oMNTkPuHDa9MhMMehlxLAd5QcOvKRjAFsBVpeFWTOPnXbDvILvFgFFZfQ1xh1EZi1FbXxUix+zpsQ==

lifegame-core@^0.0.6:
  version "0.0.6"
  resolved "https://registry.yarnpkg.com/lifegame-core/-/lifegame-core-0.0.6.tgz#00973fe4cc6584a037cc16ea30f1ed6d04bc9a8c"
  integrity sha512-7Lnql7dUB/sG9gadL5+TNPIOCILnQi3m80qJKEjhkyCkRGJ/Kz9LFA/C0IWyZgOHEYcK6QUyhHcuSg8h31wsyw==
